// !$*UTF8*$!
{
	archiveVersion = 1;
	classes = {
	};
	objectVersion = 46;
	objects = {

/* Begin PBXBuildFile section */
		369426BE1BCC170600C8F2F3 /* AppDelegate.swift in Sources */ = {isa = PBXBuildFile; fileRef = 369426BD1BCC170600C8F2F3 /* AppDelegate.swift */; };
		369426C01BCC170600C8F2F3 /* ViewController.swift in Sources */ = {isa = PBXBuildFile; fileRef = 369426BF1BCC170600C8F2F3 /* ViewController.swift */; };
		369426C51BCC170600C8F2F3 /* Assets.xcassets in Resources */ = {isa = PBXBuildFile; fileRef = 369426C41BCC170600C8F2F3 /* Assets.xcassets */; };
		369426C81BCC170600C8F2F3 /* LaunchScreen.storyboard in Resources */ = {isa = PBXBuildFile; fileRef = 369426C61BCC170600C8F2F3 /* LaunchScreen.storyboard */; };
		36EA88A01BCC1AB8006CAFCA /* SnapKit.framework in Frameworks */ = {isa = PBXBuildFile; fileRef = 36EA889C1BCC1AAA006CAFCA /* SnapKit.framework */; };
/* End PBXBuildFile section */

/* Begin PBXFileReference section */
		369426BA1BCC170600C8F2F3 /* carthageexample.app */ = {isa = PBXFileReference; explicitFileType = wrapper.application; includeInIndex = 0; path = carthageexample.app; sourceTree = BUILT_PRODUCTS_DIR; };
		369426BD1BCC170600C8F2F3 /* AppDelegate.swift */ = {isa = PBXFileReference; lastKnownFileType = sourcecode.swift; path = AppDelegate.swift; sourceTree = "<group>"; };
		369426BF1BCC170600C8F2F3 /* ViewController.swift */ = {isa = PBXFileReference; lastKnownFileType = sourcecode.swift; path = ViewController.swift; sourceTree = "<group>"; };
		369426C41BCC170600C8F2F3 /* Assets.xcassets */ = {isa = PBXFileReference; lastKnownFileType = folder.assetcatalog; path = Assets.xcassets; sourceTree = "<group>"; };
		369426C71BCC170600C8F2F3 /* Base */ = {isa = PBXFileReference; lastKnownFileType = file.storyboard; name = Base; path = Base.lproj/LaunchScreen.storyboard; sourceTree = "<group>"; };
		369426C91BCC170600C8F2F3 /* Info.plist */ = {isa = PBXFileReference; lastKnownFileType = text.plist.xml; path = Info.plist; sourceTree = "<group>"; };
		36EA889C1BCC1AAA006CAFCA /* SnapKit.framework */ = {isa = PBXFileReference; lastKnownFileType = wrapper.framework; name = SnapKit.framework; path = Carthage/Build/iOS/SnapKit.framework; sourceTree = "<group>"; };
/* End PBXFileReference section */

/* Begin PBXFrameworksBuildPhase section */
		369426B71BCC170600C8F2F3 /* Frameworks */ = {
			isa = PBXFrameworksBuildPhase;
			buildActionMask = 2147483647;
			files = (
				36EA88A01BCC1AB8006CAFCA /* SnapKit.framework in Frameworks */,
			);
			runOnlyForDeploymentPostprocessing = 0;
		};
/* End PBXFrameworksBuildPhase section */

/* Begin PBXGroup section */
		369426B11BCC170600C8F2F3 = {
			isa = PBXGroup;
			children = (
				36EA889C1BCC1AAA006CAFCA /* SnapKit.framework */,
				369426BC1BCC170600C8F2F3 /* carthageexample */,
				369426BB1BCC170600C8F2F3 /* Products */,
			);
			sourceTree = "<group>";
		};
		369426BB1BCC170600C8F2F3 /* Products */ = {
			isa = PBXGroup;
			children = (
				369426BA1BCC170600C8F2F3 /* carthageexample.app */,
			);
			name = Products;
			sourceTree = "<group>";
		};
		369426BC1BCC170600C8F2F3 /* carthageexample */ = {
			isa = PBXGroup;
			children = (
				369426BD1BCC170600C8F2F3 /* AppDelegate.swift */,
				369426BF1BCC170600C8F2F3 /* ViewController.swift */,
				369426C41BCC170600C8F2F3 /* Assets.xcassets */,
				369426C61BCC170600C8F2F3 /* LaunchScreen.storyboard */,
				369426C91BCC170600C8F2F3 /* Info.plist */,
			);
			path = carthageexample;
			sourceTree = "<group>";
		};
/* End PBXGroup section */

/* Begin PBXNativeTarget section */
		369426B91BCC170600C8F2F3 /* carthageexample */ = {
			isa = PBXNativeTarget;
			buildConfigurationList = 369426CC1BCC170600C8F2F3 /* Build configuration list for PBXNativeTarget "carthageexample" */;
			buildPhases = (
				369426B61BCC170600C8F2F3 /* Sources */,
				369426B71BCC170600C8F2F3 /* Frameworks */,
				369426B81BCC170600C8F2F3 /* Resources */,
				36EA889B1BCC1A6B006CAFCA /* ShellScript */,
			);
			buildRules = (
			);
			dependencies = (
			);
			name = carthageexample;
			productName = carthageexample;
			productReference = 369426BA1BCC170600C8F2F3 /* carthageexample.app */;
			productType = "com.apple.product-type.application";
		};
/* End PBXNativeTarget section */

/* Begin PBXProject section */
		369426B21BCC170600C8F2F3 /* Project object */ = {
			isa = PBXProject;
			attributes = {
				LastUpgradeCheck = 0700;
				ORGANIZATIONNAME = "vinther-moen";
				TargetAttributes = {
					369426B91BCC170600C8F2F3 = {
						CreatedOnToolsVersion = 7.0.1;
					};
				};
			};
			buildConfigurationList = 369426B51BCC170600C8F2F3 /* Build configuration list for PBXProject "carthageexample" */;
			compatibilityVersion = "Xcode 3.2";
			developmentRegion = English;
			hasScannedForEncodings = 0;
			knownRegions = (
				en,
				Base,
			);
			mainGroup = 369426B11BCC170600C8F2F3;
			productRefGroup = 369426BB1BCC170600C8F2F3 /* Products */;
			projectDirPath = "";
			projectRoot = "";
			targets = (
				369426B91BCC170600C8F2F3 /* carthageexample */,
			);
		};
/* End PBXProject section */

/* Begin PBXResourcesBuildPhase section */
		369426B81BCC170600C8F2F3 /* Resources */ = {
			isa = PBXResourcesBuildPhase;
			buildActionMask = 2147483647;
			files = (
				369426C81BCC170600C8F2F3 /* LaunchScreen.storyboard in Resources */,
				369426C51BCC170600C8F2F3 /* Assets.xcassets in Resources */,
			);
			runOnlyForDeploymentPostprocessing = 0;
		};
/* End PBXResourcesBuildPhase section */

/* Begin PBXShellScriptBuildPhase section */
		36EA889B1BCC1A6B006CAFCA /* ShellScript */ = {
			isa = PBXShellScriptBuildPhase;
			buildActionMask = 2147483647;
			files = (
			);
			inputPaths = (
				"$(SRCROOT)/Carthage/Build/iOS/SnapKit.framework",
			);
			outputPaths = (
			);
			runOnlyForDeploymentPostprocessing = 0;
			shellPath = "/usr/local/bin/carthage copy-frameworks";
			shellScript = "";
		};
/* End PBXShellScriptBuildPhase section */

/* Begin PBXSourcesBuildPhase section */
		369426B61BCC170600C8F2F3 /* Sources */ = {
			isa = PBXSourcesBuildPhase;
			buildActionMask = 2147483647;
			files = (
				369426C01BCC170600C8F2F3 /* ViewController.swift in Sources */,
				369426BE1BCC170600C8F2F3 /* AppDelegate.swift in Sources */,
			);
			runOnlyForDeploymentPostprocessing = 0;
		};
/* End PBXSourcesBuildPhase section */

/* Begin PBXVariantGroup section */
		369426C61BCC170600C8F2F3 /* LaunchScreen.storyboard */ = {
			isa = PBXVariantGroup;
			children = (
				369426C71BCC170600C8F2F3 /* Base */,
			);
			name = LaunchScreen.storyboard;
			sourceTree = "<group>";
		};
/* End PBXVariantGroup section */

/* Begin XCBuildConfiguration section */
		369426CA1BCC170600C8F2F3 /* Debug */ = {
			isa = XCBuildConfiguration;
			buildSettings = {
				ALWAYS_SEARCH_USER_PATHS = NO;
				CLANG_CXX_LANGUAGE_STANDARD = "gnu++0x";
				CLANG_CXX_LIBRARY = "libc++";
				CLANG_ENABLE_MODULES = YES;
				CLANG_ENABLE_OBJC_ARC = YES;
				CLANG_WARN_BOOL_CONVERSION = YES;
				CLANG_WARN_CONSTANT_CONVERSION = YES;
				CLANG_WARN_DIRECT_OBJC_ISA_USAGE = YES_ERROR;
				CLANG_WARN_EMPTY_BODY = YES;
				CLANG_WARN_ENUM_CONVERSION = YES;
				CLANG_WARN_INT_CONVERSION = YES;
				CLANG_WARN_OBJC_ROOT_CLASS = YES_ERROR;
				CLANG_WARN_UNREACHABLE_CODE = YES;
				CLANG_WARN__DUPLICATE_METHOD_MATCH = YES;
				"CODE_SIGN_IDENTITY[sdk=iphoneos*]" = "iPhone Developer";
				COPY_PHASE_STRIP = NO;
				DEBUG_INFORMATION_FORMAT = dwarf;
				ENABLE_STRICT_OBJC_MSGSEND = YES;
				ENABLE_TESTABILITY = YES;
				GCC_C_LANGUAGE_STANDARD = gnu99;
				GCC_DYNAMIC_NO_PIC = NO;
				GCC_NO_COMMON_BLOCKS = YES;
				GCC_OPTIMIZATION_LEVEL = 0;
				GCC_PREPROCESSOR_DEFINITIONS = (
					"DEBUG=1",
					"$(inherited)",
				);
				GCC_WARN_64_TO_32_BIT_CONVERSION = YES;
				GCC_WARN_ABOUT_RETURN_TYPE = YES_ERROR;
				GCC_WARN_UNDECLARED_SELECTOR = YES;
				GCC_WARN_UNINITIALIZED_AUTOS = YES_AGGRESSIVE;
				GCC_WARN_UNUSED_FUNCTION = YES;
				GCC_WARN_UNUSED_VARIABLE = YES;
				IPHONEOS_DEPLOYMENT_TARGET = 9.0;
				MTL_ENABLE_DEBUG_INFO = YES;
				ONLY_ACTIVE_ARCH = YES;
				SDKROOT = iphoneos;
				SWIFT_OPTIMIZATION_LEVEL = "-Onone";
			};
			name = Debug;
		};
		369426CB1BCC170600C8F2F3 /* Release */ = {
			isa = XCBuildConfiguration;
			buildSettings = {
				ALWAYS_SEARCH_USER_PATHS = NO;
				CLANG_CXX_LANGUAGE_STANDARD = "gnu++0x";
				CLANG_CXX_LIBRARY = "libc++";
				CLANG_ENABLE_MODULES = YES;
				CLANG_ENABLE_OBJC_ARC = YES;
				CLANG_WARN_BOOL_CONVERSION = YES;
				CLANG_WARN_CONSTANT_CONVERSION = YES;
				CLANG_WARN_DIRECT_OBJC_ISA_USAGE = YES_ERROR;
				CLANG_WARN_EMPTY_BODY = YES;
				CLANG_WARN_ENUM_CONVERSION = YES;
				CLANG_WARN_INT_CONVERSION = YES;
				CLANG_WARN_OBJC_ROOT_CLASS = YES_ERROR;
				CLANG_WARN_UNREACHABLE_CODE = YES;
				CLANG_WARN__DUPLICATE_METHOD_MATCH = YES;
				"CODE_SIGN_IDENTITY[sdk=iphoneos*]" = "iPhone Developer";
				COPY_PHASE_STRIP = NO;
				DEBUG_INFORMATION_FORMAT = "dwarf-with-dsym";
				ENABLE_NS_ASSERTIONS = NO;
				ENABLE_STRICT_OBJC_MSGSEND = YES;
				GCC_C_LANGUAGE_STANDARD = gnu99;
				GCC_NO_COMMON_BLOCKS = YES;
				GCC_WARN_64_TO_32_BIT_CONVERSION = YES;
				GCC_WARN_ABOUT_RETURN_TYPE = YES_ERROR;
				GCC_WARN_UNDECLARED_SELECTOR = YES;
				GCC_WARN_UNINITIALIZED_AUTOS = YES_AGGRESSIVE;
				GCC_WARN_UNUSED_FUNCTION = YES;
				GCC_WARN_UNUSED_VARIABLE = YES;
				IPHONEOS_DEPLOYMENT_TARGET = 9.0;
				MTL_ENABLE_DEBUG_INFO = NO;
				SDKROOT = iphoneos;
				VALIDATE_PRODUCT = YES;
			};
			name = Release;
		};
		369426CD1BCC170600C8F2F3 /* Debug */ = {
			isa = XCBuildConfiguration;
			buildSettings = {
				ASSETCATALOG_COMPILER_APPICON_NAME = AppIcon;
				FRAMEWORK_SEARCH_PATHS = (
					"$(inherited)",
					"$(PROJECT_DIR)/Carthage/Build/iOS",
				);
				INFOPLIST_FILE = carthageexample/Info.plist;
				LD_RUNPATH_SEARCH_PATHS = "$(inherited) @executable_path/Frameworks";
				PRODUCT_BUNDLE_IDENTIFIER = dk.vinthermoen.carthageexample;
				PRODUCT_NAME = "$(TARGET_NAME)";
			};
			name = Debug;
		};
		369426CE1BCC170600C8F2F3 /* Release */ = {
			isa = XCBuildConfiguration;
			buildSettings = {
				ASSETCATALOG_COMPILER_APPICON_NAME = AppIcon;
				FRAMEWORK_SEARCH_PATHS = (
					"$(inherited)",
					"$(PROJECT_DIR)/Carthage/Build/iOS",
				);
				INFOPLIST_FILE = carthageexample/Info.plist;
				LD_RUNPATH_SEARCH_PATHS = "$(inherited) @executable_path/Frameworks";
				PRODUCT_BUNDLE_IDENTIFIER = dk.vinthermoen.carthageexample;
				PRODUCT_NAME = "$(TARGET_NAME)";
			};
			name = Release;
		};
/* End XCBuildConfiguration section */

/* Begin XCConfigurationList section */
		369426B51BCC170600C8F2F3 /* Build configuration list for PBXProject "carthageexample" */ = {
			isa = XCConfigurationList;
			buildConfigurations = (
				369426CA1BCC170600C8F2F3 /* Debug */,
				369426CB1BCC170600C8F2F3 /* Release */,
			);
			defaultConfigurationIsVisible = 0;
			defaultConfigurationName = Release;
		};
		369426CC1BCC170600C8F2F3 /* Build configuration list for PBXNativeTarget "carthageexample" */ = {
			isa = XCConfigurationList;
			buildConfigurations = (
				369426CD1BCC170600C8F2F3 /* Debug */,
				369426CE1BCC170600C8F2F3 /* Release */,
			);
			defaultConfigurationIsVisible = 0;
			defaultConfigurationName = Release;
		};
/* End XCConfigurationList section */
	};
	rootObject = 369426B21BCC170600C8F2F3 /* Project object */;
}
